{
  "nodes": {
    "freebuff-cli-src": {
      "flake": false,
      "locked": {
        "lastModified": 1789075963,
        "narHash": "sha256-liNMYmtRkKWbKByP2mrQeFmUl0lfm8dVexwyfm21xdA=",
        "type": "tarball",
        "url": "https://github.com/CodebuffAI/codebuff-community/releases/download/freebuff-v0.0.173/freebuff-linux-x64-baseline.tar.gz"
      },
      "original": {
        "type": "tarball",
        "url": "https://github.com/CodebuffAI/codebuff-community/releases/download/freebuff-v0.0.173/freebuff-linux-x64-baseline.tar.gz"
      }
    },
    "freebuff-desktop-src": {
      "flake": false,
      "locked": {
        "narHash": "sha256-4/4+va5hPUP3LREF9UXhRHgJp4c4BoTaO7HfAKKO648=",
        "type": "file",
        "url": "https://github.com/CodebuffAI/codebuff-community/releases/download/freebuff-desktop-v0.0.106/Freebuff-0.0.106-linux-x86_64.AppImage"
      },
      "original": {
        "type": "file",
        "url": "https://github.com/CodebuffAI/codebuff-community/releases/download/freebuff-desktop-v0.0.106/Freebuff-0.0.106-linux-x86_64.AppImage"
      }
    },
    "nixpkgs": {
      "locked": {
        "lastModified": 1789344334,
        "narHash": "sha256-vdhpDJ3Lr24lkZ+fDCjmBRRtw9/vcSzkqGJOJyF5h2U=",
        "owner": "NixOS",
        "repo": "nixpkgs",
        "rev": "c3eea5b2156db11c7eeeada3dc737711255b253e",
        "type": "github"
      },
      "original": {
        "owner": "NixOS",
        "ref": "nixos-26.05",
        "repo": "nixpkgs",
        "type": "github"
      }
    },
    "nixpkgs-25-11": {
      "locked": {
        "lastModified": 1782847189,
        "narHash": "sha256-twXPFqFsrrY5r28Zh7Homgcp2gUMBgQ6WDS98Q/3xFI=",
        "owner": "NixOS",
        "repo": "nixpkgs",
        "rev": "b6018f87da91d19d0ab4cf979885689b469cdd41",
        "type": "github"
      },
      "original": {
        "owner": "NixOS",
        "ref": "nixos-25.11",
        "repo": "nixpkgs",
        "type": "github"
      }
    },
    "on-air-plasmoid": {
      "flake": false,
      "locked": {
        "lastModified": 1789369227,
        "narHash": "sha256-pWICoP4ORiu3mb45oAu2stDynk7AZJBLrB1P5fWwZ5g=",
        "owner": "Mendior",
        "repo": "on-air-plasmoid",
        "rev": "f74454c729e876c2960246a93b9b1dc096201445",
        "type": "github"
      },
      "original": {
        "owner": "Mendior",
        "repo": "on-air-plasmoid",
        "type": "github"
      }
    },
    "root": {
      "inputs": {
        "freebuff-cli-src": "freebuff-cli-src",
        "freebuff-desktop-src": "freebuff-desktop-src",
        "nixpkgs": "nixpkgs",
        "nixpkgs-25-11": "nixpkgs-25-11",
        "on-air-plasmoid": "on-air-plasmoid"
      }
    }
  },
  "root": "root",
  "version": 7
}
